// !$*UTF8*$!
{
	archiveVersion = 1;
	classes = {
	};
	objectVersion = 55;
	objects = {

/* Begin PBXBuildFile section */
		3EF492DF291D693F00AD34F8 /* main.swift in Sources */ = {isa = PBXBuildFile; fileRef = 3EF492DE291D693F00AD34F8 /* main.swift */; };
/* End PBXBuildFile section */

/* Begin PBXCopyFilesBuildPhase section */
		3EF492D9291D693F00AD34F8 /* CopyFiles */ = {
			isa = PBXCopyFilesBuildPhase;
			buildActionMask = 2147483647;
			dstPath = /usr/share/man/man1/;
			dstSubfolderSpec = 0;
			files = (
			);
			runOnlyForDeploymentPostprocessing = 1;
		};
/* End PBXCopyFilesBuildPhase section */

/* Begin PBXFileReference section */
		3E060002292419CE00FA8438 /* 2750.swift */ = {isa = PBXFileReference; lastKnownFileType = sourcecode.swift; path = 2750.swift; sourceTree = "<group>"; };
		3E08FE1629F1A01F00D8C813 /* fountainAdd.swift */ = {isa = PBXFileReference; lastKnownFileType = sourcecode.swift; path = fountainAdd.swift; sourceTree = "<group>"; };
		3E08FE1729F1A35F00D8C813 /* OXquiz.swift */ = {isa = PBXFileReference; lastKnownFileType = sourcecode.swift; path = OXquiz.swift; sourceTree = "<group>"; };
		3E08FE1829F1ACDC00D8C813 /* theMostExistNum.swift */ = {isa = PBXFileReference; lastKnownFileType = sourcecode.swift; path = theMostExistNum.swift; sourceTree = "<group>"; };
		3E1788B629B096E200458E33 /* 10798.swift */ = {isa = PBXFileReference; lastKnownFileType = sourcecode.swift; path = 10798.swift; sourceTree = "<group>"; };
		3E1788B729B103B200458E33 /* 2846.swift */ = {isa = PBXFileReference; lastKnownFileType = sourcecode.swift; path = 2846.swift; sourceTree = "<group>"; };
		3E1788B829B1076F00458E33 /* 1551.swift */ = {isa = PBXFileReference; lastKnownFileType = sourcecode.swift; path = 1551.swift; sourceTree = "<group>"; };
		3E2491582971AD6A0091DB28 /* 2920.swift */ = {isa = PBXFileReference; lastKnownFileType = sourcecode.swift; path = 2920.swift; sourceTree = "<group>"; };
		3E2491592971B9530091DB28 /* 1924.swift */ = {isa = PBXFileReference; lastKnownFileType = sourcecode.swift; path = 1924.swift; sourceTree = "<group>"; };
		3E2FEDCF29214EA5007FF6D8 /* 2775.swift */ = {isa = PBXFileReference; lastKnownFileType = sourcecode.swift; path = 2775.swift; sourceTree = "<group>"; };
		3E2FEDD1292153BC007FF6D8 /* 2577.swift */ = {isa = PBXFileReference; lastKnownFileType = sourcecode.swift; path = 2577.swift; sourceTree = "<group>"; };
		3E2FEDD3292157D2007FF6D8 /* 8958.swift */ = {isa = PBXFileReference; lastKnownFileType = sourcecode.swift; path = 8958.swift; sourceTree = "<group>"; };
		3E31530A29E5CC380093FC59 /* 4673_f.swift */ = {isa = PBXFileReference; lastKnownFileType = sourcecode.swift; path = 4673_f.swift; sourceTree = "<group>"; };
		3E31530B29E5D3C20093FC59 /* 1316.swift */ = {isa = PBXFileReference; lastKnownFileType = sourcecode.swift; path = 1316.swift; sourceTree = "<group>"; };
		3E422A2329E86F5400D76A2A /* 11651_timeover.swift */ = {isa = PBXFileReference; lastKnownFileType = sourcecode.swift; path = 11651_timeover.swift; sourceTree = "<group>"; };
		3E422A2429E8746900D76A2A /* 11651.swift */ = {isa = PBXFileReference; lastKnownFileType = sourcecode.swift; path = 11651.swift; sourceTree = "<group>"; };
		3E422A2529E878CD00D76A2A /* 2751.swift */ = {isa = PBXFileReference; lastKnownFileType = sourcecode.swift; path = 2751.swift; sourceTree = "<group>"; };
		3E422A2629E8812E00D76A2A /* 7568_f.swift */ = {isa = PBXFileReference; lastKnownFileType = sourcecode.swift; path = 7568_f.swift; sourceTree = "<group>"; };
		3E422A2729E8870D00D76A2A /* 7568.swift */ = {isa = PBXFileReference; lastKnownFileType = sourcecode.swift; path = 7568.swift; sourceTree = "<group>"; };
		3E422A2829E8889A00D76A2A /* 1427.swift */ = {isa = PBXFileReference; lastKnownFileType = sourcecode.swift; path = 1427.swift; sourceTree = "<group>"; };
		3E550F2B29A4C0F300A3ABC4 /* 1032.swift */ = {isa = PBXFileReference; lastKnownFileType = sourcecode.swift; path = 1032.swift; sourceTree = "<group>"; };
		3E550F2C29A4C7D000A3ABC4 /* 2851.swift */ = {isa = PBXFileReference; lastKnownFileType = sourcecode.swift; path = 2851.swift; sourceTree = "<group>"; };
		3E550F2D29A4E4C400A3ABC4 /* 1292.swift */ = {isa = PBXFileReference; lastKnownFileType = sourcecode.swift; path = 1292.swift; sourceTree = "<group>"; };
		3E550F2E29A4E71600A3ABC4 /* 9093.swift */ = {isa = PBXFileReference; lastKnownFileType = sourcecode.swift; path = 9093.swift; sourceTree = "<group>"; };
		3E60A4B5292D155100B35B17 /* 1157.swift */ = {isa = PBXFileReference; lastKnownFileType = sourcecode.swift; path = 1157.swift; sourceTree = "<group>"; };
		3E60A4B6292D293200B35B17 /* 1546.swift */ = {isa = PBXFileReference; lastKnownFileType = sourcecode.swift; path = 1546.swift; sourceTree = "<group>"; };
		3E60A4B7292D2D8D00B35B17 /* 1259.swift */ = {isa = PBXFileReference; lastKnownFileType = sourcecode.swift; path = 1259.swift; sourceTree = "<group>"; };
		3E697E2629EEE7CF00E3ABBD /* babbling.swift */ = {isa = PBXFileReference; lastKnownFileType = sourcecode.swift; path = babbling.swift; sourceTree = "<group>"; };
		3E697E2829EEEFD100E3ABBD /* nextNum.swift */ = {isa = PBXFileReference; lastKnownFileType = sourcecode.swift; path = nextNum.swift; sourceTree = "<group>"; };
		3E697E2929EF0CC500E3ABBD /* parallel.swift */ = {isa = PBXFileReference; lastKnownFileType = sourcecode.swift; path = parallel.swift; sourceTree = "<group>"; };
		3E75D47129A3ED1400CB2394 /* 2163.swift */ = {isa = PBXFileReference; lastKnownFileType = sourcecode.swift; path = 2163.swift; sourceTree = "<group>"; };
		3E9C79862975AE7D00CB7308 /* 1436.swift */ = {isa = PBXFileReference; lastKnownFileType = sourcecode.swift; path = 1436.swift; sourceTree = "<group>"; };
		3E9C79872975C07B00CB7308 /* 2941.swift */ = {isa = PBXFileReference; lastKnownFileType = sourcecode.swift; path = 2941.swift; sourceTree = "<group>"; };
		3E9C79882975C70C00CB7308 /* 11728.swift */ = {isa = PBXFileReference; lastKnownFileType = sourcecode.swift; path = 11728.swift; sourceTree = "<group>"; };
		3EAA211629EDBDD80068EB53 /* 1181_f.swift */ = {isa = PBXFileReference; lastKnownFileType = sourcecode.swift; path = 1181_f.swift; sourceTree = "<group>"; };
		3EB8643B293921C400D142FD /* 11653.swift */ = {isa = PBXFileReference; lastKnownFileType = sourcecode.swift; path = 11653.swift; sourceTree = "<group>"; };
		3EBFE7D4293057BD009AABA3 /* 1357.swift */ = {isa = PBXFileReference; lastKnownFileType = sourcecode.swift; path = 1357.swift; sourceTree = "<group>"; };
		3EE677CA29308983004900A0 /* 4344.swift */ = {isa = PBXFileReference; lastKnownFileType = sourcecode.swift; path = 4344.swift; sourceTree = "<group>"; };
		3EE677CE2937C192004900A0 /* 2609.swift */ = {isa = PBXFileReference; lastKnownFileType = sourcecode.swift; path = 2609.swift; sourceTree = "<group>"; };
		3EE677CF2937E316004900A0 /* 2309.swift */ = {isa = PBXFileReference; lastKnownFileType = sourcecode.swift; path = 2309.swift; sourceTree = "<group>"; };
		3EE677D02937E7BC004900A0 /* 2748.swift */ = {isa = PBXFileReference; lastKnownFileType = sourcecode.swift; path = 2748.swift; sourceTree = "<group>"; };
		3EEB44CF29266F3100DB9B2F /* 1181.swift */ = {isa = PBXFileReference; lastKnownFileType = sourcecode.swift; path = 1181.swift; sourceTree = "<group>"; };
		3EEB44D02926751E00DB9B2F /* 2908.swift */ = {isa = PBXFileReference; lastKnownFileType = sourcecode.swift; path = 2908.swift; sourceTree = "<group>"; };
		3EF1FBFD292E6DC9002BEC1F /* 2869.swift */ = {isa = PBXFileReference; lastKnownFileType = sourcecode.swift; path = 2869.swift; sourceTree = "<group>"; };
		3EF1FBFE292F9451002BEC1F /* 1356.swift */ = {isa = PBXFileReference; lastKnownFileType = sourcecode.swift; path = 1356.swift; sourceTree = "<group>"; };
		3EF492DB291D693F00AD34F8 /* BaekJoon */ = {isa = PBXFileReference; explicitFileType = "compiled.mach-o.executable"; includeInIndex = 0; path = BaekJoon; sourceTree = BUILT_PRODUCTS_DIR; };
		3EF492DE291D693F00AD34F8 /* main.swift */ = {isa = PBXFileReference; lastKnownFileType = sourcecode.swift; path = main.swift; sourceTree = "<group>"; };
		3EF492E5291D697600AD34F8 /* 1000.swift */ = {isa = PBXFileReference; lastKnownFileType = sourcecode.swift; path = 1000.swift; sourceTree = "<group>"; };
		3EF492E6291D697600AD34F8 /* 1333.swift */ = {isa = PBXFileReference; lastKnownFileType = sourcecode.swift; path = 1333.swift; sourceTree = "<group>"; };
		3EF492E7291D697600AD34F8 /* 1264.swift */ = {isa = PBXFileReference; lastKnownFileType = sourcecode.swift; path = 1264.swift; sourceTree = "<group>"; };
		3EF492E8291D697600AD34F8 /* 11654.swift */ = {isa = PBXFileReference; lastKnownFileType = sourcecode.swift; path = 11654.swift; sourceTree = "<group>"; };
		3EF492E9291D697600AD34F8 /* 1009.swift */ = {isa = PBXFileReference; lastKnownFileType = sourcecode.swift; path = 1009.swift; sourceTree = "<group>"; };
		3EF492EA291D697600AD34F8 /* 1225.swift */ = {isa = PBXFileReference; lastKnownFileType = sourcecode.swift; path = 1225.swift; sourceTree = "<group>"; };
		3EF492EB291D697600AD34F8 /* 1159.swift */ = {isa = PBXFileReference; lastKnownFileType = sourcecode.swift; path = 1159.swift; sourceTree = "<group>"; };
		3EF492EC291D697600AD34F8 /* 1297.swift */ = {isa = PBXFileReference; lastKnownFileType = sourcecode.swift; path = 1297.swift; sourceTree = "<group>"; };
		3EF492ED291D697600AD34F8 /* 2675.swift */ = {isa = PBXFileReference; lastKnownFileType = sourcecode.swift; path = 2675.swift; sourceTree = "<group>"; };
		3EF492EE291D697600AD34F8 /* 1152.swift */ = {isa = PBXFileReference; lastKnownFileType = sourcecode.swift; path = 1152.swift; sourceTree = "<group>"; };
/* End PBXFileReference section */

/* Begin PBXFrameworksBuildPhase section */
		3EF492D8291D693F00AD34F8 /* Frameworks */ = {
			isa = PBXFrameworksBuildPhase;
			buildActionMask = 2147483647;
			files = (
			);
			runOnlyForDeploymentPostprocessing = 0;
		};
/* End PBXFrameworksBuildPhase section */

/* Begin PBXGroup section */
		3E2491642975965E0091DB28 /* Silver */ = {
			isa = PBXGroup;
			children = (
				3E9C79862975AE7D00CB7308 /* 1436.swift */,
				3E9C79872975C07B00CB7308 /* 2941.swift */,
				3E9C79882975C70C00CB7308 /* 11728.swift */,
				3E31530A29E5CC380093FC59 /* 4673_f.swift */,
				3E31530B29E5D3C20093FC59 /* 1316.swift */,
				3E422A2329E86F5400D76A2A /* 11651_timeover.swift */,
				3E422A2429E8746900D76A2A /* 11651.swift */,
				3E422A2529E878CD00D76A2A /* 2751.swift */,
				3E422A2629E8812E00D76A2A /* 7568_f.swift */,
				3E422A2729E8870D00D76A2A /* 7568.swift */,
				3E422A2829E8889A00D76A2A /* 1427.swift */,
				3EAA211629EDBDD80068EB53 /* 1181_f.swift */,
			);
			path = Silver;
			sourceTree = "<group>";
		};
		3E697E2529EEE7C400E3ABBD /* Lv0 */ = {
			isa = PBXGroup;
			children = (
				3E697E2629EEE7CF00E3ABBD /* babbling.swift */,
				3E697E2829EEEFD100E3ABBD /* nextNum.swift */,
				3E697E2929EF0CC500E3ABBD /* parallel.swift */,
				3E08FE1629F1A01F00D8C813 /* fountainAdd.swift */,
				3E08FE1729F1A35F00D8C813 /* OXquiz.swift */,
				3E08FE1829F1ACDC00D8C813 /* theMostExistNum.swift */,
			);
			path = Lv0;
			sourceTree = "<group>";
		};
		3EAA211529EDBDBA0068EB53 /* Programers */ = {
			isa = PBXGroup;
			children = (
				3E697E2529EEE7C400E3ABBD /* Lv0 */,
			);
			path = Programers;
			sourceTree = "<group>";
		};
		3EB8643A29391CEB00D142FD /* Bronze */ = {
			isa = PBXGroup;
			children = (
				3EE677D02937E7BC004900A0 /* 2748.swift */,
				3EF492E5291D697600AD34F8 /* 1000.swift */,
				3EF492E9291D697600AD34F8 /* 1009.swift */,
				3EF492EE291D697600AD34F8 /* 1152.swift */,
				3EF492EB291D697600AD34F8 /* 1159.swift */,
				3EF492EA291D697600AD34F8 /* 1225.swift */,
				3EF492E7291D697600AD34F8 /* 1264.swift */,
				3EF492EC291D697600AD34F8 /* 1297.swift */,
				3EF492E6291D697600AD34F8 /* 1333.swift */,
				3EF492ED291D697600AD34F8 /* 2675.swift */,
				3EF492E8291D697600AD34F8 /* 11654.swift */,
				3E2FEDCF29214EA5007FF6D8 /* 2775.swift */,
				3E2FEDD1292153BC007FF6D8 /* 2577.swift */,
				3E2FEDD3292157D2007FF6D8 /* 8958.swift */,
				3EBFE7D4293057BD009AABA3 /* 1357.swift */,
				3EF1FBFE292F9451002BEC1F /* 1356.swift */,
				3EF1FBFD292E6DC9002BEC1F /* 2869.swift */,
				3E60A4B7292D2D8D00B35B17 /* 1259.swift */,
				3E60A4B6292D293200B35B17 /* 1546.swift */,
				3E60A4B5292D155100B35B17 /* 1157.swift */,
				3EEB44D02926751E00DB9B2F /* 2908.swift */,
				3EEB44CF29266F3100DB9B2F /* 1181.swift */,
				3E060002292419CE00FA8438 /* 2750.swift */,
				3EE677CA29308983004900A0 /* 4344.swift */,
				3EE677CE2937C192004900A0 /* 2609.swift */,
				3EE677CF2937E316004900A0 /* 2309.swift */,
				3EB8643B293921C400D142FD /* 11653.swift */,
				3E2491582971AD6A0091DB28 /* 2920.swift */,
				3E2491592971B9530091DB28 /* 1924.swift */,
				3E75D47129A3ED1400CB2394 /* 2163.swift */,
				3E550F2B29A4C0F300A3ABC4 /* 1032.swift */,
				3E550F2C29A4C7D000A3ABC4 /* 2851.swift */,
				3E550F2D29A4E4C400A3ABC4 /* 1292.swift */,
				3E550F2E29A4E71600A3ABC4 /* 9093.swift */,
				3E1788B629B096E200458E33 /* 10798.swift */,
				3E1788B729B103B200458E33 /* 2846.swift */,
				3E1788B829B1076F00458E33 /* 1551.swift */,
			);
			path = Bronze;
			sourceTree = "<group>";
		};
		3EF492D2291D693F00AD34F8 = {
			isa = PBXGroup;
			children = (
				3EAA211529EDBDBA0068EB53 /* Programers */,
				3E2491642975965E0091DB28 /* Silver */,
				3EB8643A29391CEB00D142FD /* Bronze */,
				3EF492DD291D693F00AD34F8 /* BaekJoon */,
				3EF492DC291D693F00AD34F8 /* Products */,
			);
			sourceTree = "<group>";
		};
		3EF492DC291D693F00AD34F8 /* Products */ = {
			isa = PBXGroup;
			children = (
				3EF492DB291D693F00AD34F8 /* BaekJoon */,
			);
			name = Products;
			sourceTree = "<group>";
		};
		3EF492DD291D693F00AD34F8 /* BaekJoon */ = {
			isa = PBXGroup;
			children = (
				3EF492DE291D693F00AD34F8 /* main.swift */,
			);
			path = BaekJoon;
			sourceTree = "<group>";
		};
/* End PBXGroup section */

/* Begin PBXNativeTarget section */
		3EF492DA291D693F00AD34F8 /* BaekJoon */ = {
			isa = PBXNativeTarget;
			buildConfigurationList = 3EF492E2291D693F00AD34F8 /* Build configuration list for PBXNativeTarget "BaekJoon" */;
			buildPhases = (
				3EF492D7291D693F00AD34F8 /* Sources */,
				3EF492D8291D693F00AD34F8 /* Frameworks */,
				3EF492D9291D693F00AD34F8 /* CopyFiles */,
			);
			buildRules = (
			);
			dependencies = (
			);
			name = BaekJoon;
			productName = BaekJoon;
			productReference = 3EF492DB291D693F00AD34F8 /* BaekJoon */;
			productType = "com.apple.product-type.tool";
		};
/* End PBXNativeTarget section */

/* Begin PBXProject section */
		3EF492D3291D693F00AD34F8 /* Project object */ = {
			isa = PBXProject;
			attributes = {
				BuildIndependentTargetsInParallel = 1;
				LastSwiftUpdateCheck = 1320;
				LastUpgradeCheck = 1320;
				TargetAttributes = {
					3EF492DA291D693F00AD34F8 = {
						CreatedOnToolsVersion = 13.2.1;
					};
				};
			};
			buildConfigurationList = 3EF492D6291D693F00AD34F8 /* Build configuration list for PBXProject "BaekJoon" */;
			compatibilityVersion = "Xcode 13.0";
			developmentRegion = en;
			hasScannedForEncodings = 0;
			knownRegions = (
				en,
				Base,
			);
			mainGroup = 3EF492D2291D693F00AD34F8;
			productRefGroup = 3EF492DC291D693F00AD34F8 /* Products */;
			projectDirPath = "";
			projectRoot = "";
			targets = (
				3EF492DA291D693F00AD34F8 /* BaekJoon */,
			);
		};
/* End PBXProject section */

/* Begin PBXSourcesBuildPhase section */
		3EF492D7291D693F00AD34F8 /* Sources */ = {
			isa = PBXSourcesBuildPhase;
			buildActionMask = 2147483647;
			files = (
				3EF492DF291D693F00AD34F8 /* main.swift in Sources */,
			);
			runOnlyForDeploymentPostprocessing = 0;
		};
/* End PBXSourcesBuildPhase section */

/* Begin XCBuildConfiguration section */
		3EF492E0291D693F00AD34F8 /* Debug */ = {
			isa = XCBuildConfiguration;
			buildSettings = {
				ALWAYS_SEARCH_USER_PATHS = NO;
				CLANG_ANALYZER_NONNULL = YES;
				CLANG_ANALYZER_NUMBER_OBJECT_CONVERSION = YES_AGGRESSIVE;
				CLANG_CXX_LANGUAGE_STANDARD = "gnu++17";
				CLANG_CXX_LIBRARY = "libc++";
				CLANG_ENABLE_MODULES = YES;
				CLANG_ENABLE_OBJC_ARC = YES;
				CLANG_ENABLE_OBJC_WEAK = YES;
				CLANG_WARN_BLOCK_CAPTURE_AUTORELEASING = YES;
				CLANG_WARN_BOOL_CONVERSION = YES;
				CLANG_WARN_COMMA = YES;
				CLANG_WARN_CONSTANT_CONVERSION = YES;
				CLANG_WARN_DEPRECATED_OBJC_IMPLEMENTATIONS = YES;
				CLANG_WARN_DIRECT_OBJC_ISA_USAGE = YES_ERROR;
				CLANG_WARN_DOCUMENTATION_COMMENTS = YES;
				CLANG_WARN_EMPTY_BODY = YES;
				CLANG_WARN_ENUM_CONVERSION = YES;
				CLANG_WARN_INFINITE_RECURSION = YES;
				CLANG_WARN_INT_CONVERSION = YES;
				CLANG_WARN_NON_LITERAL_NULL_CONVERSION = YES;
				CLANG_WARN_OBJC_IMPLICIT_RETAIN_SELF = YES;
				CLANG_WARN_OBJC_LITERAL_CONVERSION = YES;
				CLANG_WARN_OBJC_ROOT_CLASS = YES_ERROR;
				CLANG_WARN_QUOTED_INCLUDE_IN_FRAMEWORK_HEADER = YES;
				CLANG_WARN_RANGE_LOOP_ANALYSIS = YES;
				CLANG_WARN_STRICT_PROTOTYPES = YES;
				CLANG_WARN_SUSPICIOUS_MOVE = YES;
				CLANG_WARN_UNGUARDED_AVAILABILITY = YES_AGGRESSIVE;
				CLANG_WARN_UNREACHABLE_CODE = YES;
				CLANG_WARN__DUPLICATE_METHOD_MATCH = YES;
				COPY_PHASE_STRIP = NO;
				DEBUG_INFORMATION_FORMAT = dwarf;
				ENABLE_STRICT_OBJC_MSGSEND = YES;
				ENABLE_TESTABILITY = YES;
				GCC_C_LANGUAGE_STANDARD = gnu11;
				GCC_DYNAMIC_NO_PIC = NO;
				GCC_NO_COMMON_BLOCKS = YES;
				GCC_OPTIMIZATION_LEVEL = 0;
				GCC_PREPROCESSOR_DEFINITIONS = (
					"DEBUG=1",
					"$(inherited)",
				);
				GCC_WARN_64_TO_32_BIT_CONVERSION = YES;
				GCC_WARN_ABOUT_RETURN_TYPE = YES_ERROR;
				GCC_WARN_UNDECLARED_SELECTOR = YES;
				GCC_WARN_UNINITIALIZED_AUTOS = YES_AGGRESSIVE;
				GCC_WARN_UNUSED_FUNCTION = YES;
				GCC_WARN_UNUSED_VARIABLE = YES;
				MACOSX_DEPLOYMENT_TARGET = 12.1;
				MTL_ENABLE_DEBUG_INFO = INCLUDE_SOURCE;
				MTL_FAST_MATH = YES;
				ONLY_ACTIVE_ARCH = YES;
				SDKROOT = macosx;
				SWIFT_ACTIVE_COMPILATION_CONDITIONS = DEBUG;
				SWIFT_OPTIMIZATION_LEVEL = "-Onone";
			};
			name = Debug;
		};
		3EF492E1291D693F00AD34F8 /* Release */ = {
			isa = XCBuildConfiguration;
			buildSettings = {
				ALWAYS_SEARCH_USER_PATHS = NO;
				CLANG_ANALYZER_NONNULL = YES;
				CLANG_ANALYZER_NUMBER_OBJECT_CONVERSION = YES_AGGRESSIVE;
				CLANG_CXX_LANGUAGE_STANDARD = "gnu++17";
				CLANG_CXX_LIBRARY = "libc++";
				CLANG_ENABLE_MODULES = YES;
				CLANG_ENABLE_OBJC_ARC = YES;
				CLANG_ENABLE_OBJC_WEAK = YES;
				CLANG_WARN_BLOCK_CAPTURE_AUTORELEASING = YES;
				CLANG_WARN_BOOL_CONVERSION = YES;
				CLANG_WARN_COMMA = YES;
				CLANG_WARN_CONSTANT_CONVERSION = YES;
				CLANG_WARN_DEPRECATED_OBJC_IMPLEMENTATIONS = YES;
				CLANG_WARN_DIRECT_OBJC_ISA_USAGE = YES_ERROR;
				CLANG_WARN_DOCUMENTATION_COMMENTS = YES;
				CLANG_WARN_EMPTY_BODY = YES;
				CLANG_WARN_ENUM_CONVERSION = YES;
				CLANG_WARN_INFINITE_RECURSION = YES;
				CLANG_WARN_INT_CONVERSION = YES;
				CLANG_WARN_NON_LITERAL_NULL_CONVERSION = YES;
				CLANG_WARN_OBJC_IMPLICIT_RETAIN_SELF = YES;
				CLANG_WARN_OBJC_LITERAL_CONVERSION = YES;
				CLANG_WARN_OBJC_ROOT_CLASS = YES_ERROR;
				CLANG_WARN_QUOTED_INCLUDE_IN_FRAMEWORK_HEADER = YES;
				CLANG_WARN_RANGE_LOOP_ANALYSIS = YES;
				CLANG_WARN_STRICT_PROTOTYPES = YES;
				CLANG_WARN_SUSPICIOUS_MOVE = YES;
				CLANG_WARN_UNGUARDED_AVAILABILITY = YES_AGGRESSIVE;
				CLANG_WARN_UNREACHABLE_CODE = YES;
				CLANG_WARN__DUPLICATE_METHOD_MATCH = YES;
				COPY_PHASE_STRIP = NO;
				DEBUG_INFORMATION_FORMAT = "dwarf-with-dsym";
				ENABLE_NS_ASSERTIONS = NO;
				ENABLE_STRICT_OBJC_MSGSEND = YES;
				GCC_C_LANGUAGE_STANDARD = gnu11;
				GCC_NO_COMMON_BLOCKS = YES;
				GCC_WARN_64_TO_32_BIT_CONVERSION = YES;
				GCC_WARN_ABOUT_RETURN_TYPE = YES_ERROR;
				GCC_WARN_UNDECLARED_SELECTOR = YES;
				GCC_WARN_UNINITIALIZED_AUTOS = YES_AGGRESSIVE;
				GCC_WARN_UNUSED_FUNCTION = YES;
				GCC_WARN_UNUSED_VARIABLE = YES;
				MACOSX_DEPLOYMENT_TARGET = 12.1;
				MTL_ENABLE_DEBUG_INFO = NO;
				MTL_FAST_MATH = YES;
				SDKROOT = macosx;
				SWIFT_COMPILATION_MODE = wholemodule;
				SWIFT_OPTIMIZATION_LEVEL = "-O";
			};
			name = Release;
		};
		3EF492E3291D693F00AD34F8 /* Debug */ = {
			isa = XCBuildConfiguration;
			buildSettings = {
				CODE_SIGN_STYLE = Automatic;
				PRODUCT_NAME = "$(TARGET_NAME)";
				SWIFT_VERSION = 5.0;
			};
			name = Debug;
		};
		3EF492E4291D693F00AD34F8 /* Release */ = {
			isa = XCBuildConfiguration;
			buildSettings = {
				CODE_SIGN_STYLE = Automatic;
				PRODUCT_NAME = "$(TARGET_NAME)";
				SWIFT_VERSION = 5.0;
			};
			name = Release;
		};
/* End XCBuildConfiguration section */

/* Begin XCConfigurationList section */
		3EF492D6291D693F00AD34F8 /* Build configuration list for PBXProject "BaekJoon" */ = {
			isa = XCConfigurationList;
			buildConfigurations = (
				3EF492E0291D693F00AD34F8 /* Debug */,
				3EF492E1291D693F00AD34F8 /* Release */,
			);
			defaultConfigurationIsVisible = 0;
			defaultConfigurationName = Release;
		};
		3EF492E2291D693F00AD34F8 /* Build configuration list for PBXNativeTarget "BaekJoon" */ = {
			isa = XCConfigurationList;
			buildConfigurations = (
				3EF492E3291D693F00AD34F8 /* Debug */,
				3EF492E4291D693F00AD34F8 /* Release */,
			);
			defaultConfigurationIsVisible = 0;
			defaultConfigurationName = Release;
		};
/* End XCConfigurationList section */
	};
	rootObject = 3EF492D3291D693F00AD34F8 /* Project object */;
}
